
Microsoft Visual Studio Solution File, Format Version 12.00
# Visual Studio 15
VisualStudioVersion = 15.0.26124.0
MinimumVisualStudioVersion = 15.0.26124.0
Project("{2150E333-8FDC-42A3-9474-1A3956D46DE8}") = "src", "src", "{3E3B099B-CA8F-4E21-AB0A-4D8392E75BE0}"
EndProject
Project("{FAE04EC0-301F-11D3-BF4B-00C04F79EFBC}") = "Banky.Gateway", "src\Banky.Gateway\Banky.Gateway.csproj", "{687FB61C-D7D5-4A90-B772-E601417DF1D0}"
EndProject
Global
	GlobalSection(SolutionConfigurationPlatforms) = preSolution
		Debug|Any CPU = Debug|Any CPU
		Debug|x64 = Debug|x64
		Debug|x86 = Debug|x86
		Release|Any CPU = Release|Any CPU
		Release|x64 = Release|x64
		Release|x86 = Release|x86
	EndGlobalSection
	GlobalSection(SolutionProperties) = preSolution
		HideSolutionNode = FALSE
	EndGlobalSection
	GlobalSection(ProjectConfigurationPlatforms) = postSolution
		{687FB61C-D7D5-4A90-B772-E601417DF1D0}.Debug|Any CPU.ActiveCfg = Debug|Any CPU
		{687FB61C-D7D5-4A90-B772-E601417DF1D0}.Debug|Any CPU.Build.0 = Debug|Any CPU
		{687FB61C-D7D5-4A90-B772-E601417DF1D0}.Debug|x64.ActiveCfg = Debug|Any CPU
		{687FB61C-D7D5-4A90-B772-E601417DF1D0}.Debug|x64.Build.0 = Debug|Any CPU
		{687FB61C-D7D5-4A90-B772-E601417DF1D0}.Debug|x86.ActiveCfg = Debug|Any CPU
		{687FB61C-D7D5-4A90-B772-E601417DF1D0}.Debug|x86.Build.0 = Debug|Any CPU
		{687FB61C-D7D5-4A90-B772-E601417DF1D0}.Release|Any CPU.ActiveCfg = Release|Any CPU
		{687FB61C-D7D5-4A90-B772-E601417DF1D0}.Release|Any CPU.Build.0 = Release|Any CPU
		{687FB61C-D7D5-4A90-B772-E601417DF1D0}.Release|x64.ActiveCfg = Release|Any CPU
		{687FB61C-D7D5-4A90-B772-E601417DF1D0}.Release|x64.Build.0 = Release|Any CPU
		{687FB61C-D7D5-4A90-B772-E601417DF1D0}.Release|x86.ActiveCfg = Release|Any CPU
		{687FB61C-D7D5-4A90-B772-E601417DF1D0}.Release|x86.Build.0 = Release|Any CPU
	EndGlobalSection
	GlobalSection(NestedProjects) = preSolution
		{687FB61C-D7D5-4A90-B772-E601417DF1D0} = {3E3B099B-CA8F-4E21-AB0A-4D8392E75BE0}
	EndGlobalSection
EndGlobal
